
Microsoft Visual Studio Solution File, Format Version 12.00
# Visual Studio Version 17
VisualStudioVersion = 17.7.34031.279
MinimumVisualStudioVersion = 10.0.40219.1
Project("{FAE04EC0-301F-11D3-BF4B-00C04F79EFBC}") = "archivosTextoTSM", "archivosTextoTSM.csproj", "{579EF2EB-6D85-47A4-9D0F-4E1ACFC6802D}"
EndProject
Global
	GlobalSection(SolutionConfigurationPlatforms) = preSolution
		Debug|Any CPU = Debug|Any CPU
		Release|Any CPU = Release|Any CPU
	EndGlobalSection
	GlobalSection(ProjectConfigurationPlatforms) = postSolution
		{579EF2EB-6D85-47A4-9D0F-4E1ACFC6802D}.Debug|Any CPU.ActiveCfg = Debug|Any CPU
		{579EF2EB-6D85-47A4-9D0F-4E1ACFC6802D}.Debug|Any CPU.Build.0 = Debug|Any CPU
		{579EF2EB-6D85-47A4-9D0F-4E1ACFC6802D}.Release|Any CPU.ActiveCfg = Release|Any CPU
		{579EF2EB-6D85-47A4-9D0F-4E1ACFC6802D}.Release|Any CPU.Build.0 = Release|Any CPU
	EndGlobalSection
	GlobalSection(SolutionProperties) = preSolution
		HideSolutionNode = FALSE
	EndGlobalSection
	GlobalSection(ExtensibilityGlobals) = postSolution
		SolutionGuid = {829CAD85-2607-4075-9FC5-EBA7A86CA28B}
	EndGlobalSection
EndGlobal
