
Microsoft Visual Studio Solution File, Format Version 12.00
# Visual Studio Version 17
VisualStudioVersion = 17.7.34031.279
MinimumVisualStudioVersion = 10.0.40219.1
Project("{FAE04EC0-301F-11D3-BF4B-00C04F79EFBC}") = "ProyectoHoja1", "ProyectoHoja1.csproj", "{6C94C6F6-16DB-4F92-9E9A-F833172B82F6}"
EndProject
Global
	GlobalSection(SolutionConfigurationPlatforms) = preSolution
		Debug|Any CPU = Debug|Any CPU
		Release|Any CPU = Release|Any CPU
	EndGlobalSection
	GlobalSection(ProjectConfigurationPlatforms) = postSolution
		{6C94C6F6-16DB-4F92-9E9A-F833172B82F6}.Debug|Any CPU.ActiveCfg = Debug|Any CPU
		{6C94C6F6-16DB-4F92-9E9A-F833172B82F6}.Debug|Any CPU.Build.0 = Debug|Any CPU
		{6C94C6F6-16DB-4F92-9E9A-F833172B82F6}.Release|Any CPU.ActiveCfg = Release|Any CPU
		{6C94C6F6-16DB-4F92-9E9A-F833172B82F6}.Release|Any CPU.Build.0 = Release|Any CPU
	EndGlobalSection
	GlobalSection(SolutionProperties) = preSolution
		HideSolutionNode = FALSE
	EndGlobalSection
	GlobalSection(ExtensibilityGlobals) = postSolution
		SolutionGuid = {C93FA90B-3338-48C7-BC2B-5297F3483A5C}
	EndGlobalSection
EndGlobal
