
Microsoft Visual Studio Solution File, Format Version 12.00
# Visual Studio Version 17
VisualStudioVersion = 17.7.34031.279
MinimumVisualStudioVersion = 10.0.40219.1
Project("{FAE04EC0-301F-11D3-BF4B-00C04F79EFBC}") = "EjercicioWord", "EjercicioWord.csproj", "{162D31A8-2485-4739-823C-8778C4B4F201}"
EndProject
Global
	GlobalSection(SolutionConfigurationPlatforms) = preSolution
		Debug|Any CPU = Debug|Any CPU
		Release|Any CPU = Release|Any CPU
	EndGlobalSection
	GlobalSection(ProjectConfigurationPlatforms) = postSolution
		{162D31A8-2485-4739-823C-8778C4B4F201}.Debug|Any CPU.ActiveCfg = Debug|Any CPU
		{162D31A8-2485-4739-823C-8778C4B4F201}.Debug|Any CPU.Build.0 = Debug|Any CPU
		{162D31A8-2485-4739-823C-8778C4B4F201}.Release|Any CPU.ActiveCfg = Release|Any CPU
		{162D31A8-2485-4739-823C-8778C4B4F201}.Release|Any CPU.Build.0 = Release|Any CPU
	EndGlobalSection
	GlobalSection(SolutionProperties) = preSolution
		HideSolutionNode = FALSE
	EndGlobalSection
	GlobalSection(ExtensibilityGlobals) = postSolution
		SolutionGuid = {045E9398-B400-496C-A579-D290A9C10CDA}
	EndGlobalSection
EndGlobal
